
Microsoft Visual Studio Solution File, Format Version 12.00
# Visual Studio Version 17
VisualStudioVersion = 17.0.32112.339
MinimumVisualStudioVersion = 10.0.40219.1
Project("{9A19103F-16F7-4668-BE54-9A1E7A4F7556}") = "ProjectRoseOfSharon", "ProjectRoseOfSharon\ProjectRoseOfSharon.csproj", "{598E0F82-5F7C-4133-85A9-28A227CB8279}"
EndProject
Project("{FAE04EC0-301F-11D3-BF4B-00C04F79EFBC}") = "ProjectRoseOfSharonTests", "ProjectRoseOfSharonTests\ProjectRoseOfSharonTests.csproj", "{D051C590-FCFB-4086-9DC0-FD2F86C51AF0}"
EndProject
Global
	GlobalSection(SolutionConfigurationPlatforms) = preSolution
		Debug|Any CPU = Debug|Any CPU
		Release|Any CPU = Release|Any CPU
	EndGlobalSection
	GlobalSection(ProjectConfigurationPlatforms) = postSolution
		{598E0F82-5F7C-4133-85A9-28A227CB8279}.Debug|Any CPU.ActiveCfg = Debug|Any CPU
		{598E0F82-5F7C-4133-85A9-28A227CB8279}.Debug|Any CPU.Build.0 = Debug|Any CPU
		{598E0F82-5F7C-4133-85A9-28A227CB8279}.Release|Any CPU.ActiveCfg = Release|Any CPU
		{598E0F82-5F7C-4133-85A9-28A227CB8279}.Release|Any CPU.Build.0 = Release|Any CPU
		{D051C590-FCFB-4086-9DC0-FD2F86C51AF0}.Debug|Any CPU.ActiveCfg = Debug|Any CPU
		{D051C590-FCFB-4086-9DC0-FD2F86C51AF0}.Debug|Any CPU.Build.0 = Debug|Any CPU
		{D051C590-FCFB-4086-9DC0-FD2F86C51AF0}.Release|Any CPU.ActiveCfg = Release|Any CPU
		{D051C590-FCFB-4086-9DC0-FD2F86C51AF0}.Release|Any CPU.Build.0 = Release|Any CPU
	EndGlobalSection
	GlobalSection(SolutionProperties) = preSolution
		HideSolutionNode = FALSE
	EndGlobalSection
	GlobalSection(ExtensibilityGlobals) = postSolution
		SolutionGuid = {F488387F-5763-48FD-8FD3-B678324B7670}
	EndGlobalSection
EndGlobal
